
Microsoft Visual Studio Solution File, Format Version 12.00
# Visual Studio Version 16
VisualStudioVersion = 16.0.31005.135
MinimumVisualStudioVersion = 10.0.40219.1
Project("{9A19103F-16F7-4668-BE54-9A1E7A4F7556}") = "Entities", "Entities\Entities.csproj", "{6F473FEE-6035-4A7D-B33C-4A343547FBFD}"
EndProject
Project("{9A19103F-16F7-4668-BE54-9A1E7A4F7556}") = "DataAccess", "DataAccess\DataAccess.csproj", "{38D80C79-D4F0-4B6D-A96A-D6169B297590}"
EndProject
Project("{9A19103F-16F7-4668-BE54-9A1E7A4F7556}") = "Core", "Core\Core.csproj", "{3CA2C9EF-2CC9-427F-AAB8-141BA822E880}"
EndProject
Project("{9A19103F-16F7-4668-BE54-9A1E7A4F7556}") = "Business", "Business\Business.csproj", "{59AFCBA3-FD3C-4068-B068-696F59672D0E}"
EndProject
Project("{9A19103F-16F7-4668-BE54-9A1E7A4F7556}") = "ConsoleUI", "ConsoleUI\ConsoleUI.csproj", "{8CF42A4F-36CA-44D4-9BAF-E86BDCF32F0A}"
EndProject
Project("{FAE04EC0-301F-11D3-BF4B-00C04F79EFBC}") = "WebAPI", "WebAPI\WebAPI.csproj", "{E59FF131-5488-48B9-8D38-E3EA17464A88}"
EndProject
Global
	GlobalSection(SolutionConfigurationPlatforms) = preSolution
		Debug|Any CPU = Debug|Any CPU
		Release|Any CPU = Release|Any CPU
	EndGlobalSection
	GlobalSection(ProjectConfigurationPlatforms) = postSolution
		{6F473FEE-6035-4A7D-B33C-4A343547FBFD}.Debug|Any CPU.ActiveCfg = Debug|Any CPU
		{6F473FEE-6035-4A7D-B33C-4A343547FBFD}.Debug|Any CPU.Build.0 = Debug|Any CPU
		{6F473FEE-6035-4A7D-B33C-4A343547FBFD}.Release|Any CPU.ActiveCfg = Release|Any CPU
		{6F473FEE-6035-4A7D-B33C-4A343547FBFD}.Release|Any CPU.Build.0 = Release|Any CPU
		{38D80C79-D4F0-4B6D-A96A-D6169B297590}.Debug|Any CPU.ActiveCfg = Debug|Any CPU
		{38D80C79-D4F0-4B6D-A96A-D6169B297590}.Debug|Any CPU.Build.0 = Debug|Any CPU
		{38D80C79-D4F0-4B6D-A96A-D6169B297590}.Release|Any CPU.ActiveCfg = Release|Any CPU
		{38D80C79-D4F0-4B6D-A96A-D6169B297590}.Release|Any CPU.Build.0 = Release|Any CPU
		{3CA2C9EF-2CC9-427F-AAB8-141BA822E880}.Debug|Any CPU.ActiveCfg = Debug|Any CPU
		{3CA2C9EF-2CC9-427F-AAB8-141BA822E880}.Debug|Any CPU.Build.0 = Debug|Any CPU
		{3CA2C9EF-2CC9-427F-AAB8-141BA822E880}.Release|Any CPU.ActiveCfg = Release|Any CPU
		{3CA2C9EF-2CC9-427F-AAB8-141BA822E880}.Release|Any CPU.Build.0 = Release|Any CPU
		{59AFCBA3-FD3C-4068-B068-696F59672D0E}.Debug|Any CPU.ActiveCfg = Debug|Any CPU
		{59AFCBA3-FD3C-4068-B068-696F59672D0E}.Debug|Any CPU.Build.0 = Debug|Any CPU
		{59AFCBA3-FD3C-4068-B068-696F59672D0E}.Release|Any CPU.ActiveCfg = Release|Any CPU
		{59AFCBA3-FD3C-4068-B068-696F59672D0E}.Release|Any CPU.Build.0 = Release|Any CPU
		{8CF42A4F-36CA-44D4-9BAF-E86BDCF32F0A}.Debug|Any CPU.ActiveCfg = Debug|Any CPU
		{8CF42A4F-36CA-44D4-9BAF-E86BDCF32F0A}.Debug|Any CPU.Build.0 = Debug|Any CPU
		{8CF42A4F-36CA-44D4-9BAF-E86BDCF32F0A}.Release|Any CPU.ActiveCfg = Release|Any CPU
		{8CF42A4F-36CA-44D4-9BAF-E86BDCF32F0A}.Release|Any CPU.Build.0 = Release|Any CPU
		{E59FF131-5488-48B9-8D38-E3EA17464A88}.Debug|Any CPU.ActiveCfg = Debug|Any CPU
		{E59FF131-5488-48B9-8D38-E3EA17464A88}.Debug|Any CPU.Build.0 = Debug|Any CPU
		{E59FF131-5488-48B9-8D38-E3EA17464A88}.Release|Any CPU.ActiveCfg = Release|Any CPU
		{E59FF131-5488-48B9-8D38-E3EA17464A88}.Release|Any CPU.Build.0 = Release|Any CPU
	EndGlobalSection
	GlobalSection(SolutionProperties) = preSolution
		HideSolutionNode = FALSE
	EndGlobalSection
	GlobalSection(ExtensibilityGlobals) = postSolution
		SolutionGuid = {1B103591-2AE2-475C-8150-50D7BEED0486}
	EndGlobalSection
EndGlobal
